
Microsoft Visual Studio Solution File, Format Version 12.00
# Visual Studio Version 17
VisualStudioVersion = 17.6.33712.159
MinimumVisualStudioVersion = 10.0.40219.1
Project("{8BC9CEB8-8B4A-11D0-8D11-00A0C91BC942}") = "window_creation", "window_creation.vcxproj", "{2FD5D021-11D4-4B74-811E-DBB6CB2AF802}"
EndProject
Global
	GlobalSection(SolutionConfigurationPlatforms) = preSolution
		Debug|x64 = Debug|x64
		Debug|x86 = Debug|x86
		Release|x64 = Release|x64
		Release|x86 = Release|x86
	EndGlobalSection
	GlobalSection(ProjectConfigurationPlatforms) = postSolution
		{2FD5D021-11D4-4B74-811E-DBB6CB2AF802}.Debug|x64.ActiveCfg = Debug|x64
		{2FD5D021-11D4-4B74-811E-DBB6CB2AF802}.Debug|x64.Build.0 = Debug|x64
		{2FD5D021-11D4-4B74-811E-DBB6CB2AF802}.Debug|x86.ActiveCfg = Debug|Win32
		{2FD5D021-11D4-4B74-811E-DBB6CB2AF802}.Debug|x86.Build.0 = Debug|Win32
		{2FD5D021-11D4-4B74-811E-DBB6CB2AF802}.Release|x64.ActiveCfg = Release|x64
		{2FD5D021-11D4-4B74-811E-DBB6CB2AF802}.Release|x64.Build.0 = Release|x64
		{2FD5D021-11D4-4B74-811E-DBB6CB2AF802}.Release|x86.ActiveCfg = Release|Win32
		{2FD5D021-11D4-4B74-811E-DBB6CB2AF802}.Release|x86.Build.0 = Release|Win32
	EndGlobalSection
	GlobalSection(SolutionProperties) = preSolution
		HideSolutionNode = FALSE
	EndGlobalSection
	GlobalSection(ExtensibilityGlobals) = postSolution
		SolutionGuid = {B2025C0D-474C-4EBC-8281-B47A566E1EE2}
	EndGlobalSection
EndGlobal
